// !$*UTF8*$!
{
	archiveVersion = 1;
	classes = {
	};
	objectVersion = 50;
	objects = {

/* Begin PBXBuildFile section */
		2C8636CE26C1896A00B76FB0 /* AppDelegate.swift in Sources */ = {isa = PBXBuildFile; fileRef = 2C8636CD26C1896A00B76FB0 /* AppDelegate.swift */; };
		2C8636D026C1896A00B76FB0 /* SceneDelegate.swift in Sources */ = {isa = PBXBuildFile; fileRef = 2C8636CF26C1896A00B76FB0 /* SceneDelegate.swift */; };
		2C8636D726C1896D00B76FB0 /* Assets.xcassets in Resources */ = {isa = PBXBuildFile; fileRef = 2C8636D626C1896D00B76FB0 /* Assets.xcassets */; };
		2C8636DA26C1896D00B76FB0 /* LaunchScreen.storyboard in Resources */ = {isa = PBXBuildFile; fileRef = 2C8636D826C1896D00B76FB0 /* LaunchScreen.storyboard */; };
		2C8636E526C1896D00B76FB0 /* Empty_ProjectTests.swift in Sources */ = {isa = PBXBuildFile; fileRef = 2C8636E426C1896D00B76FB0 /* Empty_ProjectTests.swift */; };
		2C8636F026C1896D00B76FB0 /* Empty_ProjectUITests.swift in Sources */ = {isa = PBXBuildFile; fileRef = 2C8636EF26C1896D00B76FB0 /* Empty_ProjectUITests.swift */; };
/* End PBXBuildFile section */

/* Begin PBXContainerItemProxy section */
		2C8636E126C1896D00B76FB0 /* PBXContainerItemProxy */ = {
			isa = PBXContainerItemProxy;
			containerPortal = 2C8636C226C1896A00B76FB0 /* Project object */;
			proxyType = 1;
			remoteGlobalIDString = 2C8636C926C1896A00B76FB0;
			remoteInfo = "Empty Project";
		};
		2C8636EC26C1896D00B76FB0 /* PBXContainerItemProxy */ = {
			isa = PBXContainerItemProxy;
			containerPortal = 2C8636C226C1896A00B76FB0 /* Project object */;
			proxyType = 1;
			remoteGlobalIDString = 2C8636C926C1896A00B76FB0;
			remoteInfo = "Empty Project";
		};
/* End PBXContainerItemProxy section */

/* Begin PBXFileReference section */
		2C8636CA26C1896A00B76FB0 /* Empty Project.app */ = {isa = PBXFileReference; explicitFileType = wrapper.application; includeInIndex = 0; path = "Empty Project.app"; sourceTree = BUILT_PRODUCTS_DIR; };
		2C8636CD26C1896A00B76FB0 /* AppDelegate.swift */ = {isa = PBXFileReference; lastKnownFileType = sourcecode.swift; path = AppDelegate.swift; sourceTree = "<group>"; };
		2C8636CF26C1896A00B76FB0 /* SceneDelegate.swift */ = {isa = PBXFileReference; lastKnownFileType = sourcecode.swift; path = SceneDelegate.swift; sourceTree = "<group>"; };
		2C8636D626C1896D00B76FB0 /* Assets.xcassets */ = {isa = PBXFileReference; lastKnownFileType = folder.assetcatalog; path = Assets.xcassets; sourceTree = "<group>"; };
		2C8636D926C1896D00B76FB0 /* Base */ = {isa = PBXFileReference; lastKnownFileType = file.storyboard; name = Base; path = Base.lproj/LaunchScreen.storyboard; sourceTree = "<group>"; };
		2C8636DB26C1896D00B76FB0 /* Info.plist */ = {isa = PBXFileReference; lastKnownFileType = text.plist.xml; path = Info.plist; sourceTree = "<group>"; };
		2C8636E026C1896D00B76FB0 /* Empty ProjectTests.xctest */ = {isa = PBXFileReference; explicitFileType = wrapper.cfbundle; includeInIndex = 0; path = "Empty ProjectTests.xctest"; sourceTree = BUILT_PRODUCTS_DIR; };
		2C8636E426C1896D00B76FB0 /* Empty_ProjectTests.swift */ = {isa = PBXFileReference; lastKnownFileType = sourcecode.swift; path = Empty_ProjectTests.swift; sourceTree = "<group>"; };
		2C8636E626C1896D00B76FB0 /* Info.plist */ = {isa = PBXFileReference; lastKnownFileType = text.plist.xml; path = Info.plist; sourceTree = "<group>"; };
		2C8636EB26C1896D00B76FB0 /* Empty ProjectUITests.xctest */ = {isa = PBXFileReference; explicitFileType = wrapper.cfbundle; includeInIndex = 0; path = "Empty ProjectUITests.xctest"; sourceTree = BUILT_PRODUCTS_DIR; };
		2C8636EF26C1896D00B76FB0 /* Empty_ProjectUITests.swift */ = {isa = PBXFileReference; lastKnownFileType = sourcecode.swift; path = Empty_ProjectUITests.swift; sourceTree = "<group>"; };
		2C8636F126C1896D00B76FB0 /* Info.plist */ = {isa = PBXFileReference; lastKnownFileType = text.plist.xml; path = Info.plist; sourceTree = "<group>"; };
/* End PBXFileReference section */

/* Begin PBXFrameworksBuildPhase section */
		2C8636C726C1896A00B76FB0 /* Frameworks */ = {
			isa = PBXFrameworksBuildPhase;
			buildActionMask = 2147483647;
			files = (
			);
			runOnlyForDeploymentPostprocessing = 0;
		};
		2C8636DD26C1896D00B76FB0 /* Frameworks */ = {
			isa = PBXFrameworksBuildPhase;
			buildActionMask = 2147483647;
			files = (
			);
			runOnlyForDeploymentPostprocessing = 0;
		};
		2C8636E826C1896D00B76FB0 /* Frameworks */ = {
			isa = PBXFrameworksBuildPhase;
			buildActionMask = 2147483647;
			files = (
			);
			runOnlyForDeploymentPostprocessing = 0;
		};
/* End PBXFrameworksBuildPhase section */

/* Begin PBXGroup section */
		2C8636C126C1896A00B76FB0 = {
			isa = PBXGroup;
			children = (
				2C86370026C18F5200B76FB0 /* App */,
				2C86370526C18FBC00B76FB0 /* Core */,
				2C86370626C18FC300B76FB0 /* Resources */,
				2C86370726C18FD900B76FB0 /* Environments */,
				2C8636CC26C1896A00B76FB0 /* Empty Project */,
				2C8636E326C1896D00B76FB0 /* Empty ProjectTests */,
				2C8636EE26C1896D00B76FB0 /* Empty ProjectUITests */,
				2C8636CB26C1896A00B76FB0 /* Products */,
			);
			sourceTree = "<group>";
		};
		2C8636CB26C1896A00B76FB0 /* Products */ = {
			isa = PBXGroup;
			children = (
				2C8636CA26C1896A00B76FB0 /* Empty Project.app */,
				2C8636E026C1896D00B76FB0 /* Empty ProjectTests.xctest */,
				2C8636EB26C1896D00B76FB0 /* Empty ProjectUITests.xctest */,
			);
			name = Products;
			sourceTree = "<group>";
		};
		2C8636CC26C1896A00B76FB0 /* Empty Project */ = {
			isa = PBXGroup;
			children = (
				2C8636CF26C1896A00B76FB0 /* SceneDelegate.swift */,
			);
			path = "Empty Project";
			sourceTree = "<group>";
		};
		2C8636E326C1896D00B76FB0 /* Empty ProjectTests */ = {
			isa = PBXGroup;
			children = (
				2C8636E426C1896D00B76FB0 /* Empty_ProjectTests.swift */,
				2C8636E626C1896D00B76FB0 /* Info.plist */,
			);
			path = "Empty ProjectTests";
			sourceTree = "<group>";
		};
		2C8636EE26C1896D00B76FB0 /* Empty ProjectUITests */ = {
			isa = PBXGroup;
			children = (
				2C8636EF26C1896D00B76FB0 /* Empty_ProjectUITests.swift */,
				2C8636F126C1896D00B76FB0 /* Info.plist */,
			);
			path = "Empty ProjectUITests";
			sourceTree = "<group>";
		};
		2C86370026C18F5200B76FB0 /* App */ = {
			isa = PBXGroup;
			children = (
				2C8636CD26C1896A00B76FB0 /* AppDelegate.swift */,
				2C86370126C18F6300B76FB0 /* BussinessLogic */,
				2C86370226C18F7D00B76FB0 /* Entity */,
				2C86370326C18F8800B76FB0 /* Assembly */,
				2C86370426C18F9200B76FB0 /* Flows */,
			);
			path = App;
			sourceTree = "<group>";
		};
		2C86370126C18F6300B76FB0 /* BussinessLogic */ = {
			isa = PBXGroup;
			children = (
			);
			path = BussinessLogic;
			sourceTree = "<group>";
		};
		2C86370226C18F7D00B76FB0 /* Entity */ = {
			isa = PBXGroup;
			children = (
			);
			path = Entity;
			sourceTree = "<group>";
		};
		2C86370326C18F8800B76FB0 /* Assembly */ = {
			isa = PBXGroup;
			children = (
			);
			path = Assembly;
			sourceTree = "<group>";
		};
		2C86370426C18F9200B76FB0 /* Flows */ = {
			isa = PBXGroup;
			children = (
			);
			path = Flows;
			sourceTree = "<group>";
		};
		2C86370526C18FBC00B76FB0 /* Core */ = {
			isa = PBXGroup;
			children = (
			);
			path = Core;
			sourceTree = "<group>";
		};
		2C86370626C18FC300B76FB0 /* Resources */ = {
			isa = PBXGroup;
			children = (
				2C8636D626C1896D00B76FB0 /* Assets.xcassets */,
				2C8636D826C1896D00B76FB0 /* LaunchScreen.storyboard */,
			);
			path = Resources;
			sourceTree = "<group>";
		};
		2C86370726C18FD900B76FB0 /* Environments */ = {
			isa = PBXGroup;
			children = (
				2C8636DB26C1896D00B76FB0 /* Info.plist */,
			);
			path = Environments;
			sourceTree = "<group>";
		};
/* End PBXGroup section */

/* Begin PBXNativeTarget section */
		2C8636C926C1896A00B76FB0 /* Empty Project */ = {
			isa = PBXNativeTarget;
			buildConfigurationList = 2C8636F426C1896D00B76FB0 /* Build configuration list for PBXNativeTarget "Empty Project" */;
			buildPhases = (
				2C8636C626C1896A00B76FB0 /* Sources */,
				2C8636C726C1896A00B76FB0 /* Frameworks */,
				2C8636C826C1896A00B76FB0 /* Resources */,
			);
			buildRules = (
			);
			dependencies = (
			);
			name = "Empty Project";
			productName = "Empty Project";
			productReference = 2C8636CA26C1896A00B76FB0 /* Empty Project.app */;
			productType = "com.apple.product-type.application";
		};
		2C8636DF26C1896D00B76FB0 /* Empty ProjectTests */ = {
			isa = PBXNativeTarget;
			buildConfigurationList = 2C8636F726C1896D00B76FB0 /* Build configuration list for PBXNativeTarget "Empty ProjectTests" */;
			buildPhases = (
				2C8636DC26C1896D00B76FB0 /* Sources */,
				2C8636DD26C1896D00B76FB0 /* Frameworks */,
				2C8636DE26C1896D00B76FB0 /* Resources */,
			);
			buildRules = (
			);
			dependencies = (
				2C8636E226C1896D00B76FB0 /* PBXTargetDependency */,
			);
			name = "Empty ProjectTests";
			productName = "Empty ProjectTests";
			productReference = 2C8636E026C1896D00B76FB0 /* Empty ProjectTests.xctest */;
			productType = "com.apple.product-type.bundle.unit-test";
		};
		2C8636EA26C1896D00B76FB0 /* Empty ProjectUITests */ = {
			isa = PBXNativeTarget;
			buildConfigurationList = 2C8636FA26C1896D00B76FB0 /* Build configuration list for PBXNativeTarget "Empty ProjectUITests" */;
			buildPhases = (
				2C8636E726C1896D00B76FB0 /* Sources */,
				2C8636E826C1896D00B76FB0 /* Frameworks */,
				2C8636E926C1896D00B76FB0 /* Resources */,
			);
			buildRules = (
			);
			dependencies = (
				2C8636ED26C1896D00B76FB0 /* PBXTargetDependency */,
			);
			name = "Empty ProjectUITests";
			productName = "Empty ProjectUITests";
			productReference = 2C8636EB26C1896D00B76FB0 /* Empty ProjectUITests.xctest */;
			productType = "com.apple.product-type.bundle.ui-testing";
		};
/* End PBXNativeTarget section */

/* Begin PBXProject section */
		2C8636C226C1896A00B76FB0 /* Project object */ = {
			isa = PBXProject;
			attributes = {
				LastSwiftUpdateCheck = 1240;
				LastUpgradeCheck = 1240;
				TargetAttributes = {
					2C8636C926C1896A00B76FB0 = {
						CreatedOnToolsVersion = 12.4;
					};
					2C8636DF26C1896D00B76FB0 = {
						CreatedOnToolsVersion = 12.4;
						TestTargetID = 2C8636C926C1896A00B76FB0;
					};
					2C8636EA26C1896D00B76FB0 = {
						CreatedOnToolsVersion = 12.4;
						TestTargetID = 2C8636C926C1896A00B76FB0;
					};
				};
			};
			buildConfigurationList = 2C8636C526C1896A00B76FB0 /* Build configuration list for PBXProject "Empty Project" */;
			compatibilityVersion = "Xcode 9.3";
			developmentRegion = en;
			hasScannedForEncodings = 0;
			knownRegions = (
				en,
				Base,
			);
			mainGroup = 2C8636C126C1896A00B76FB0;
			productRefGroup = 2C8636CB26C1896A00B76FB0 /* Products */;
			projectDirPath = "";
			projectRoot = "";
			targets = (
				2C8636C926C1896A00B76FB0 /* Empty Project */,
				2C8636DF26C1896D00B76FB0 /* Empty ProjectTests */,
				2C8636EA26C1896D00B76FB0 /* Empty ProjectUITests */,
			);
		};
/* End PBXProject section */

/* Begin PBXResourcesBuildPhase section */
		2C8636C826C1896A00B76FB0 /* Resources */ = {
			isa = PBXResourcesBuildPhase;
			buildActionMask = 2147483647;
			files = (
				2C8636DA26C1896D00B76FB0 /* LaunchScreen.storyboard in Resources */,
				2C8636D726C1896D00B76FB0 /* Assets.xcassets in Resources */,
			);
			runOnlyForDeploymentPostprocessing = 0;
		};
		2C8636DE26C1896D00B76FB0 /* Resources */ = {
			isa = PBXResourcesBuildPhase;
			buildActionMask = 2147483647;
			files = (
			);
			runOnlyForDeploymentPostprocessing = 0;
		};
		2C8636E926C1896D00B76FB0 /* Resources */ = {
			isa = PBXResourcesBuildPhase;
			buildActionMask = 2147483647;
			files = (
			);
			runOnlyForDeploymentPostprocessing = 0;
		};
/* End PBXResourcesBuildPhase section */

/* Begin PBXSourcesBuildPhase section */
		2C8636C626C1896A00B76FB0 /* Sources */ = {
			isa = PBXSourcesBuildPhase;
			buildActionMask = 2147483647;
			files = (
				2C8636CE26C1896A00B76FB0 /* AppDelegate.swift in Sources */,
				2C8636D026C1896A00B76FB0 /* SceneDelegate.swift in Sources */,
			);
			runOnlyForDeploymentPostprocessing = 0;
		};
		2C8636DC26C1896D00B76FB0 /* Sources */ = {
			isa = PBXSourcesBuildPhase;
			buildActionMask = 2147483647;
			files = (
				2C8636E526C1896D00B76FB0 /* Empty_ProjectTests.swift in Sources */,
			);
			runOnlyForDeploymentPostprocessing = 0;
		};
		2C8636E726C1896D00B76FB0 /* Sources */ = {
			isa = PBXSourcesBuildPhase;
			buildActionMask = 2147483647;
			files = (
				2C8636F026C1896D00B76FB0 /* Empty_ProjectUITests.swift in Sources */,
			);
			runOnlyForDeploymentPostprocessing = 0;
		};
/* End PBXSourcesBuildPhase section */

/* Begin PBXTargetDependency section */
		2C8636E226C1896D00B76FB0 /* PBXTargetDependency */ = {
			isa = PBXTargetDependency;
			target = 2C8636C926C1896A00B76FB0 /* Empty Project */;
			targetProxy = 2C8636E126C1896D00B76FB0 /* PBXContainerItemProxy */;
		};
		2C8636ED26C1896D00B76FB0 /* PBXTargetDependency */ = {
			isa = PBXTargetDependency;
			target = 2C8636C926C1896A00B76FB0 /* Empty Project */;
			targetProxy = 2C8636EC26C1896D00B76FB0 /* PBXContainerItemProxy */;
		};
/* End PBXTargetDependency section */

/* Begin PBXVariantGroup section */
		2C8636D826C1896D00B76FB0 /* LaunchScreen.storyboard */ = {
			isa = PBXVariantGroup;
			children = (
				2C8636D926C1896D00B76FB0 /* Base */,
			);
			name = LaunchScreen.storyboard;
			sourceTree = "<group>";
		};
/* End PBXVariantGroup section */

/* Begin XCBuildConfiguration section */
		2C8636F226C1896D00B76FB0 /* Debug */ = {
			isa = XCBuildConfiguration;
			buildSettings = {
				ALWAYS_SEARCH_USER_PATHS = NO;
				CLANG_ANALYZER_NONNULL = YES;
				CLANG_ANALYZER_NUMBER_OBJECT_CONVERSION = YES_AGGRESSIVE;
				CLANG_CXX_LANGUAGE_STANDARD = "gnu++14";
				CLANG_CXX_LIBRARY = "libc++";
				CLANG_ENABLE_MODULES = YES;
				CLANG_ENABLE_OBJC_ARC = YES;
				CLANG_ENABLE_OBJC_WEAK = YES;
				CLANG_WARN_BLOCK_CAPTURE_AUTORELEASING = YES;
				CLANG_WARN_BOOL_CONVERSION = YES;
				CLANG_WARN_COMMA = YES;
				CLANG_WARN_CONSTANT_CONVERSION = YES;
				CLANG_WARN_DEPRECATED_OBJC_IMPLEMENTATIONS = YES;
				CLANG_WARN_DIRECT_OBJC_ISA_USAGE = YES_ERROR;
				CLANG_WARN_DOCUMENTATION_COMMENTS = YES;
				CLANG_WARN_EMPTY_BODY = YES;
				CLANG_WARN_ENUM_CONVERSION = YES;
				CLANG_WARN_INFINITE_RECURSION = YES;
				CLANG_WARN_INT_CONVERSION = YES;
				CLANG_WARN_NON_LITERAL_NULL_CONVERSION = YES;
				CLANG_WARN_OBJC_IMPLICIT_RETAIN_SELF = YES;
				CLANG_WARN_OBJC_LITERAL_CONVERSION = YES;
				CLANG_WARN_OBJC_ROOT_CLASS = YES_ERROR;
				CLANG_WARN_QUOTED_INCLUDE_IN_FRAMEWORK_HEADER = YES;
				CLANG_WARN_RANGE_LOOP_ANALYSIS = YES;
				CLANG_WARN_STRICT_PROTOTYPES = YES;
				CLANG_WARN_SUSPICIOUS_MOVE = YES;
				CLANG_WARN_UNGUARDED_AVAILABILITY = YES_AGGRESSIVE;
				CLANG_WARN_UNREACHABLE_CODE = YES;
				CLANG_WARN__DUPLICATE_METHOD_MATCH = YES;
				COPY_PHASE_STRIP = NO;
				DEBUG_INFORMATION_FORMAT = dwarf;
				ENABLE_STRICT_OBJC_MSGSEND = YES;
				ENABLE_TESTABILITY = YES;
				GCC_C_LANGUAGE_STANDARD = gnu11;
				GCC_DYNAMIC_NO_PIC = NO;
				GCC_NO_COMMON_BLOCKS = YES;
				GCC_OPTIMIZATION_LEVEL = 0;
				GCC_PREPROCESSOR_DEFINITIONS = (
					"DEBUG=1",
					"$(inherited)",
				);
				GCC_WARN_64_TO_32_BIT_CONVERSION = YES;
				GCC_WARN_ABOUT_RETURN_TYPE = YES_ERROR;
				GCC_WARN_UNDECLARED_SELECTOR = YES;
				GCC_WARN_UNINITIALIZED_AUTOS = YES_AGGRESSIVE;
				GCC_WARN_UNUSED_FUNCTION = YES;
				GCC_WARN_UNUSED_VARIABLE = YES;
				IPHONEOS_DEPLOYMENT_TARGET = 14.4;
				MTL_ENABLE_DEBUG_INFO = INCLUDE_SOURCE;
				MTL_FAST_MATH = YES;
				ONLY_ACTIVE_ARCH = YES;
				SDKROOT = iphoneos;
				SWIFT_ACTIVE_COMPILATION_CONDITIONS = DEBUG;
				SWIFT_OPTIMIZATION_LEVEL = "-Onone";
			};
			name = Debug;
		};
		2C8636F326C1896D00B76FB0 /* Release */ = {
			isa = XCBuildConfiguration;
			buildSettings = {
				ALWAYS_SEARCH_USER_PATHS = NO;
				CLANG_ANALYZER_NONNULL = YES;
				CLANG_ANALYZER_NUMBER_OBJECT_CONVERSION = YES_AGGRESSIVE;
				CLANG_CXX_LANGUAGE_STANDARD = "gnu++14";
				CLANG_CXX_LIBRARY = "libc++";
				CLANG_ENABLE_MODULES = YES;
				CLANG_ENABLE_OBJC_ARC = YES;
				CLANG_ENABLE_OBJC_WEAK = YES;
				CLANG_WARN_BLOCK_CAPTURE_AUTORELEASING = YES;
				CLANG_WARN_BOOL_CONVERSION = YES;
				CLANG_WARN_COMMA = YES;
				CLANG_WARN_CONSTANT_CONVERSION = YES;
				CLANG_WARN_DEPRECATED_OBJC_IMPLEMENTATIONS = YES;
				CLANG_WARN_DIRECT_OBJC_ISA_USAGE = YES_ERROR;
				CLANG_WARN_DOCUMENTATION_COMMENTS = YES;
				CLANG_WARN_EMPTY_BODY = YES;
				CLANG_WARN_ENUM_CONVERSION = YES;
				CLANG_WARN_INFINITE_RECURSION = YES;
				CLANG_WARN_INT_CONVERSION = YES;
				CLANG_WARN_NON_LITERAL_NULL_CONVERSION = YES;
				CLANG_WARN_OBJC_IMPLICIT_RETAIN_SELF = YES;
				CLANG_WARN_OBJC_LITERAL_CONVERSION = YES;
				CLANG_WARN_OBJC_ROOT_CLASS = YES_ERROR;
				CLANG_WARN_QUOTED_INCLUDE_IN_FRAMEWORK_HEADER = YES;
				CLANG_WARN_RANGE_LOOP_ANALYSIS = YES;
				CLANG_WARN_STRICT_PROTOTYPES = YES;
				CLANG_WARN_SUSPICIOUS_MOVE = YES;
				CLANG_WARN_UNGUARDED_AVAILABILITY = YES_AGGRESSIVE;
				CLANG_WARN_UNREACHABLE_CODE = YES;
				CLANG_WARN__DUPLICATE_METHOD_MATCH = YES;
				COPY_PHASE_STRIP = NO;
				DEBUG_INFORMATION_FORMAT = "dwarf-with-dsym";
				ENABLE_NS_ASSERTIONS = NO;
				ENABLE_STRICT_OBJC_MSGSEND = YES;
				GCC_C_LANGUAGE_STANDARD = gnu11;
				GCC_NO_COMMON_BLOCKS = YES;
				GCC_WARN_64_TO_32_BIT_CONVERSION = YES;
				GCC_WARN_ABOUT_RETURN_TYPE = YES_ERROR;
				GCC_WARN_UNDECLARED_SELECTOR = YES;
				GCC_WARN_UNINITIALIZED_AUTOS = YES_AGGRESSIVE;
				GCC_WARN_UNUSED_FUNCTION = YES;
				GCC_WARN_UNUSED_VARIABLE = YES;
				IPHONEOS_DEPLOYMENT_TARGET = 14.4;
				MTL_ENABLE_DEBUG_INFO = NO;
				MTL_FAST_MATH = YES;
				SDKROOT = iphoneos;
				SWIFT_COMPILATION_MODE = wholemodule;
				SWIFT_OPTIMIZATION_LEVEL = "-O";
				VALIDATE_PRODUCT = YES;
			};
			name = Release;
		};
		2C8636F526C1896D00B76FB0 /* Debug */ = {
			isa = XCBuildConfiguration;
			buildSettings = {
				ASSETCATALOG_COMPILER_APPICON_NAME = AppIcon;
				ASSETCATALOG_COMPILER_GLOBAL_ACCENT_COLOR_NAME = AccentColor;
				CODE_SIGN_STYLE = Automatic;
				DEVELOPMENT_TEAM = HV42WC9YAP;
				INFOPLIST_FILE = "Empty Project/Info.plist";
				LD_RUNPATH_SEARCH_PATHS = (
					"$(inherited)",
					"@executable_path/Frameworks",
				);
				PRODUCT_BUNDLE_IDENTIFIER = "g.regina.Empty-Project";
				PRODUCT_NAME = "$(TARGET_NAME)";
				SWIFT_VERSION = 5.0;
				TARGETED_DEVICE_FAMILY = "1,2";
			};
			name = Debug;
		};
		2C8636F626C1896D00B76FB0 /* Release */ = {
			isa = XCBuildConfiguration;
			buildSettings = {
				ASSETCATALOG_COMPILER_APPICON_NAME = AppIcon;
				ASSETCATALOG_COMPILER_GLOBAL_ACCENT_COLOR_NAME = AccentColor;
				CODE_SIGN_STYLE = Automatic;
				DEVELOPMENT_TEAM = HV42WC9YAP;
				INFOPLIST_FILE = "Empty Project/Info.plist";
				LD_RUNPATH_SEARCH_PATHS = (
					"$(inherited)",
					"@executable_path/Frameworks",
				);
				PRODUCT_BUNDLE_IDENTIFIER = "g.regina.Empty-Project";
				PRODUCT_NAME = "$(TARGET_NAME)";
				SWIFT_VERSION = 5.0;
				TARGETED_DEVICE_FAMILY = "1,2";
			};
			name = Release;
		};
		2C8636F826C1896D00B76FB0 /* Debug */ = {
			isa = XCBuildConfiguration;
			buildSettings = {
				ALWAYS_EMBED_SWIFT_STANDARD_LIBRARIES = YES;
				BUNDLE_LOADER = "$(TEST_HOST)";
				CODE_SIGN_STYLE = Automatic;
				DEVELOPMENT_TEAM = HV42WC9YAP;
				INFOPLIST_FILE = "Empty ProjectTests/Info.plist";
				IPHONEOS_DEPLOYMENT_TARGET = 14.4;
				LD_RUNPATH_SEARCH_PATHS = (
					"$(inherited)",
					"@executable_path/Frameworks",
					"@loader_path/Frameworks",
				);
				PRODUCT_BUNDLE_IDENTIFIER = "g.regina.Empty-ProjectTests";
				PRODUCT_NAME = "$(TARGET_NAME)";
				SWIFT_VERSION = 5.0;
				TARGETED_DEVICE_FAMILY = "1,2";
				TEST_HOST = "$(BUILT_PRODUCTS_DIR)/Empty Project.app/Empty Project";
			};
			name = Debug;
		};
		2C8636F926C1896D00B76FB0 /* Release */ = {
			isa = XCBuildConfiguration;
			buildSettings = {
				ALWAYS_EMBED_SWIFT_STANDARD_LIBRARIES = YES;
				BUNDLE_LOADER = "$(TEST_HOST)";
				CODE_SIGN_STYLE = Automatic;
				DEVELOPMENT_TEAM = HV42WC9YAP;
				INFOPLIST_FILE = "Empty ProjectTests/Info.plist";
				IPHONEOS_DEPLOYMENT_TARGET = 14.4;
				LD_RUNPATH_SEARCH_PATHS = (
					"$(inherited)",
					"@executable_path/Frameworks",
					"@loader_path/Frameworks",
				);
				PRODUCT_BUNDLE_IDENTIFIER = "g.regina.Empty-ProjectTests";
				PRODUCT_NAME = "$(TARGET_NAME)";
				SWIFT_VERSION = 5.0;
				TARGETED_DEVICE_FAMILY = "1,2";
				TEST_HOST = "$(BUILT_PRODUCTS_DIR)/Empty Project.app/Empty Project";
			};
			name = Release;
		};
		2C8636FB26C1896D00B76FB0 /* Debug */ = {
			isa = XCBuildConfiguration;
			buildSettings = {
				ALWAYS_EMBED_SWIFT_STANDARD_LIBRARIES = YES;
				CODE_SIGN_STYLE = Automatic;
				DEVELOPMENT_TEAM = HV42WC9YAP;
				INFOPLIST_FILE = "Empty ProjectUITests/Info.plist";
				LD_RUNPATH_SEARCH_PATHS = (
					"$(inherited)",
					"@executable_path/Frameworks",
					"@loader_path/Frameworks",
				);
				PRODUCT_BUNDLE_IDENTIFIER = "g.regina.Empty-ProjectUITests";
				PRODUCT_NAME = "$(TARGET_NAME)";
				SWIFT_VERSION = 5.0;
				TARGETED_DEVICE_FAMILY = "1,2";
				TEST_TARGET_NAME = "Empty Project";
			};
			name = Debug;
		};
		2C8636FC26C1896D00B76FB0 /* Release */ = {
			isa = XCBuildConfiguration;
			buildSettings = {
				ALWAYS_EMBED_SWIFT_STANDARD_LIBRARIES = YES;
				CODE_SIGN_STYLE = Automatic;
				DEVELOPMENT_TEAM = HV42WC9YAP;
				INFOPLIST_FILE = "Empty ProjectUITests/Info.plist";
				LD_RUNPATH_SEARCH_PATHS = (
					"$(inherited)",
					"@executable_path/Frameworks",
					"@loader_path/Frameworks",
				);
				PRODUCT_BUNDLE_IDENTIFIER = "g.regina.Empty-ProjectUITests";
				PRODUCT_NAME = "$(TARGET_NAME)";
				SWIFT_VERSION = 5.0;
				TARGETED_DEVICE_FAMILY = "1,2";
				TEST_TARGET_NAME = "Empty Project";
			};
			name = Release;
		};
/* End XCBuildConfiguration section */

/* Begin XCConfigurationList section */
		2C8636C526C1896A00B76FB0 /* Build configuration list for PBXProject "Empty Project" */ = {
			isa = XCConfigurationList;
			buildConfigurations = (
				2C8636F226C1896D00B76FB0 /* Debug */,
				2C8636F326C1896D00B76FB0 /* Release */,
			);
			defaultConfigurationIsVisible = 0;
			defaultConfigurationName = Release;
		};
		2C8636F426C1896D00B76FB0 /* Build configuration list for PBXNativeTarget "Empty Project" */ = {
			isa = XCConfigurationList;
			buildConfigurations = (
				2C8636F526C1896D00B76FB0 /* Debug */,
				2C8636F626C1896D00B76FB0 /* Release */,
			);
			defaultConfigurationIsVisible = 0;
			defaultConfigurationName = Release;
		};
		2C8636F726C1896D00B76FB0 /* Build configuration list for PBXNativeTarget "Empty ProjectTests" */ = {
			isa = XCConfigurationList;
			buildConfigurations = (
				2C8636F826C1896D00B76FB0 /* Debug */,
				2C8636F926C1896D00B76FB0 /* Release */,
			);
			defaultConfigurationIsVisible = 0;
			defaultConfigurationName = Release;
		};
		2C8636FA26C1896D00B76FB0 /* Build configuration list for PBXNativeTarget "Empty ProjectUITests" */ = {
			isa = XCConfigurationList;
			buildConfigurations = (
				2C8636FB26C1896D00B76FB0 /* Debug */,
				2C8636FC26C1896D00B76FB0 /* Release */,
			);
			defaultConfigurationIsVisible = 0;
			defaultConfigurationName = Release;
		};
/* End XCConfigurationList section */
	};
	rootObject = 2C8636C226C1896A00B76FB0 /* Project object */;
}
